
Microsoft Visual Studio Solution File, Format Version 12.00
# Visual Studio Version 17
VisualStudioVersion = 17.4.33213.308
MinimumVisualStudioVersion = 10.0.40219.1
Project("{FAE04EC0-301F-11D3-BF4B-00C04F79EFBC}") = "BattleSweeper", "BattleSweeper\BattleSweeper.csproj", "{01732028-8FB9-4AD1-A3B2-5E5ABE4FF59B}"
EndProject
Project("{FAE04EC0-301F-11D3-BF4B-00C04F79EFBC}") = "Games", "MineSweeper\Games.csproj", "{B75EA529-9109-4897-9478-E10794171AFB}"
EndProject
Project("{FAE04EC0-301F-11D3-BF4B-00C04F79EFBC}") = "Tests", "Tests\Tests.csproj", "{223D8BB1-FD84-4BBC-A1CA-30C70E0E31C1}"
EndProject
Global
	GlobalSection(SolutionConfigurationPlatforms) = preSolution
		Debug|Any CPU = Debug|Any CPU
		Release|Any CPU = Release|Any CPU
	EndGlobalSection
	GlobalSection(ProjectConfigurationPlatforms) = postSolution
		{01732028-8FB9-4AD1-A3B2-5E5ABE4FF59B}.Debug|Any CPU.ActiveCfg = Debug|Any CPU
		{01732028-8FB9-4AD1-A3B2-5E5ABE4FF59B}.Debug|Any CPU.Build.0 = Debug|Any CPU
		{01732028-8FB9-4AD1-A3B2-5E5ABE4FF59B}.Release|Any CPU.ActiveCfg = Release|Any CPU
		{01732028-8FB9-4AD1-A3B2-5E5ABE4FF59B}.Release|Any CPU.Build.0 = Release|Any CPU
		{B75EA529-9109-4897-9478-E10794171AFB}.Debug|Any CPU.ActiveCfg = Debug|Any CPU
		{B75EA529-9109-4897-9478-E10794171AFB}.Debug|Any CPU.Build.0 = Debug|Any CPU
		{B75EA529-9109-4897-9478-E10794171AFB}.Release|Any CPU.ActiveCfg = Release|Any CPU
		{B75EA529-9109-4897-9478-E10794171AFB}.Release|Any CPU.Build.0 = Release|Any CPU
		{223D8BB1-FD84-4BBC-A1CA-30C70E0E31C1}.Debug|Any CPU.ActiveCfg = Debug|Any CPU
		{223D8BB1-FD84-4BBC-A1CA-30C70E0E31C1}.Debug|Any CPU.Build.0 = Debug|Any CPU
		{223D8BB1-FD84-4BBC-A1CA-30C70E0E31C1}.Release|Any CPU.ActiveCfg = Release|Any CPU
		{223D8BB1-FD84-4BBC-A1CA-30C70E0E31C1}.Release|Any CPU.Build.0 = Release|Any CPU
	EndGlobalSection
	GlobalSection(SolutionProperties) = preSolution
		HideSolutionNode = FALSE
	EndGlobalSection
	GlobalSection(ExtensibilityGlobals) = postSolution
		SolutionGuid = {58C7CB76-2433-4062-BDD1-CD56566D0356}
	EndGlobalSection
EndGlobal
